
Microsoft Visual Studio Solution File, Format Version 12.00
# Visual Studio Version 16
VisualStudioVersion = 16.0.29728.190
MinimumVisualStudioVersion = 10.0.40219.1
Project("{FAE04EC0-301F-11D3-BF4B-00C04F79EFBC}") = "Divnyy.API", "Divnyy.API\Divnyy.API.csproj", "{7BADB5CA-E0D2-4E15-BA6D-BF917F1C8F7E}"
EndProject
Global
	GlobalSection(SolutionConfigurationPlatforms) = preSolution
		Debug|Any CPU = Debug|Any CPU
		Release|Any CPU = Release|Any CPU
	EndGlobalSection
	GlobalSection(ProjectConfigurationPlatforms) = postSolution
		{7BADB5CA-E0D2-4E15-BA6D-BF917F1C8F7E}.Debug|Any CPU.ActiveCfg = Debug|Any CPU
		{7BADB5CA-E0D2-4E15-BA6D-BF917F1C8F7E}.Debug|Any CPU.Build.0 = Debug|Any CPU
		{7BADB5CA-E0D2-4E15-BA6D-BF917F1C8F7E}.Release|Any CPU.ActiveCfg = Release|Any CPU
		{7BADB5CA-E0D2-4E15-BA6D-BF917F1C8F7E}.Release|Any CPU.Build.0 = Release|Any CPU
	EndGlobalSection
	GlobalSection(SolutionProperties) = preSolution
		HideSolutionNode = FALSE
	EndGlobalSection
	GlobalSection(ExtensibilityGlobals) = postSolution
		SolutionGuid = {1920BECB-2672-4703-9A44-9895D0CB738C}
	EndGlobalSection
EndGlobal
